
Microsoft Visual Studio Solution File, Format Version 12.00
# Visual Studio 15
VisualStudioVersion = 15.0.28307.438
MinimumVisualStudioVersion = 10.0.40219.1
Project("{FAE04EC0-301F-11D3-BF4B-00C04F79EFBC}") = "StatusBar.Android", "StatusBar\StatusBar.Android\StatusBar.Android.csproj", "{8F2D98EA-D840-4EBE-8F16-4A4928EF16D5}"
EndProject
Project("{FAE04EC0-301F-11D3-BF4B-00C04F79EFBC}") = "StatusBar.iOS", "StatusBar\StatusBar.iOS\StatusBar.iOS.csproj", "{4C658988-5ECE-4C79-972E-118CCEAC7850}"
EndProject
Project("{FAE04EC0-301F-11D3-BF4B-00C04F79EFBC}") = "StatusBar", "StatusBar\StatusBar\StatusBar.csproj", "{6F98F48B-64BA-43C7-9CA5-E219346578B6}"
EndProject
Global
	GlobalSection(SolutionConfigurationPlatforms) = preSolution
		Ad-Hoc|Any CPU = Ad-Hoc|Any CPU
		Ad-Hoc|iPhone = Ad-Hoc|iPhone
		Ad-Hoc|iPhoneSimulator = Ad-Hoc|iPhoneSimulator
		AppStore|Any CPU = AppStore|Any CPU
		AppStore|iPhone = AppStore|iPhone
		AppStore|iPhoneSimulator = AppStore|iPhoneSimulator
		Debug|Any CPU = Debug|Any CPU
		Debug|iPhone = Debug|iPhone
		Debug|iPhoneSimulator = Debug|iPhoneSimulator
		Release|Any CPU = Release|Any CPU
		Release|iPhone = Release|iPhone
		Release|iPhoneSimulator = Release|iPhoneSimulator
	EndGlobalSection
	GlobalSection(ProjectConfigurationPlatforms) = postSolution
		{8F2D98EA-D840-4EBE-8F16-4A4928EF16D5}.Ad-Hoc|Any CPU.ActiveCfg = Release|Any CPU
		{8F2D98EA-D840-4EBE-8F16-4A4928EF16D5}.Ad-Hoc|Any CPU.Build.0 = Release|Any CPU
		{8F2D98EA-D840-4EBE-8F16-4A4928EF16D5}.Ad-Hoc|Any CPU.Deploy.0 = Release|Any CPU
		{8F2D98EA-D840-4EBE-8F16-4A4928EF16D5}.Ad-Hoc|iPhone.ActiveCfg = Release|Any CPU
		{8F2D98EA-D840-4EBE-8F16-4A4928EF16D5}.Ad-Hoc|iPhone.Build.0 = Release|Any CPU
		{8F2D98EA-D840-4EBE-8F16-4A4928EF16D5}.Ad-Hoc|iPhone.Deploy.0 = Release|Any CPU
		{8F2D98EA-D840-4EBE-8F16-4A4928EF16D5}.Ad-Hoc|iPhoneSimulator.ActiveCfg = Release|Any CPU
		{8F2D98EA-D840-4EBE-8F16-4A4928EF16D5}.Ad-Hoc|iPhoneSimulator.Build.0 = Release|Any CPU
		{8F2D98EA-D840-4EBE-8F16-4A4928EF16D5}.Ad-Hoc|iPhoneSimulator.Deploy.0 = Release|Any CPU
		{8F2D98EA-D840-4EBE-8F16-4A4928EF16D5}.AppStore|Any CPU.ActiveCfg = Release|Any CPU
		{8F2D98EA-D840-4EBE-8F16-4A4928EF16D5}.AppStore|Any CPU.Build.0 = Release|Any CPU
		{8F2D98EA-D840-4EBE-8F16-4A4928EF16D5}.AppStore|Any CPU.Deploy.0 = Release|Any CPU
		{8F2D98EA-D840-4EBE-8F16-4A4928EF16D5}.AppStore|iPhone.ActiveCfg = Release|Any CPU
		{8F2D98EA-D840-4EBE-8F16-4A4928EF16D5}.AppStore|iPhone.Build.0 = Release|Any CPU
		{8F2D98EA-D840-4EBE-8F16-4A4928EF16D5}.AppStore|iPhone.Deploy.0 = Release|Any CPU
		{8F2D98EA-D840-4EBE-8F16-4A4928EF16D5}.AppStore|iPhoneSimulator.ActiveCfg = Release|Any CPU
		{8F2D98EA-D840-4EBE-8F16-4A4928EF16D5}.AppStore|iPhoneSimulator.Build.0 = Release|Any CPU
		{8F2D98EA-D840-4EBE-8F16-4A4928EF16D5}.AppStore|iPhoneSimulator.Deploy.0 = Release|Any CPU
		{8F2D98EA-D840-4EBE-8F16-4A4928EF16D5}.Debug|Any CPU.ActiveCfg = Debug|Any CPU
		{8F2D98EA-D840-4EBE-8F16-4A4928EF16D5}.Debug|Any CPU.Build.0 = Debug|Any CPU
		{8F2D98EA-D840-4EBE-8F16-4A4928EF16D5}.Debug|Any CPU.Deploy.0 = Debug|Any CPU
		{8F2D98EA-D840-4EBE-8F16-4A4928EF16D5}.Debug|iPhone.ActiveCfg = Debug|Any CPU
		{8F2D98EA-D840-4EBE-8F16-4A4928EF16D5}.Debug|iPhone.Build.0 = Debug|Any CPU
		{8F2D98EA-D840-4EBE-8F16-4A4928EF16D5}.Debug|iPhone.Deploy.0 = Debug|Any CPU
		{8F2D98EA-D840-4EBE-8F16-4A4928EF16D5}.Debug|iPhoneSimulator.ActiveCfg = Debug|Any CPU
		{8F2D98EA-D840-4EBE-8F16-4A4928EF16D5}.Debug|iPhoneSimulator.Build.0 = Debug|Any CPU
		{8F2D98EA-D840-4EBE-8F16-4A4928EF16D5}.Debug|iPhoneSimulator.Deploy.0 = Debug|Any CPU
		{8F2D98EA-D840-4EBE-8F16-4A4928EF16D5}.Release|Any CPU.ActiveCfg = Release|Any CPU
		{8F2D98EA-D840-4EBE-8F16-4A4928EF16D5}.Release|Any CPU.Build.0 = Release|Any CPU
		{8F2D98EA-D840-4EBE-8F16-4A4928EF16D5}.Release|Any CPU.Deploy.0 = Release|Any CPU
		{8F2D98EA-D840-4EBE-8F16-4A4928EF16D5}.Release|iPhone.ActiveCfg = Release|Any CPU
		{8F2D98EA-D840-4EBE-8F16-4A4928EF16D5}.Release|iPhone.Build.0 = Release|Any CPU
		{8F2D98EA-D840-4EBE-8F16-4A4928EF16D5}.Release|iPhone.Deploy.0 = Release|Any CPU
		{8F2D98EA-D840-4EBE-8F16-4A4928EF16D5}.Release|iPhoneSimulator.ActiveCfg = Release|Any CPU
		{8F2D98EA-D840-4EBE-8F16-4A4928EF16D5}.Release|iPhoneSimulator.Build.0 = Release|Any CPU
		{8F2D98EA-D840-4EBE-8F16-4A4928EF16D5}.Release|iPhoneSimulator.Deploy.0 = Release|Any CPU
		{4C658988-5ECE-4C79-972E-118CCEAC7850}.Ad-Hoc|Any CPU.ActiveCfg = Ad-Hoc|iPhone
		{4C658988-5ECE-4C79-972E-118CCEAC7850}.Ad-Hoc|Any CPU.Build.0 = Ad-Hoc|iPhone
		{4C658988-5ECE-4C79-972E-118CCEAC7850}.Ad-Hoc|Any CPU.Deploy.0 = Ad-Hoc|iPhone
		{4C658988-5ECE-4C79-972E-118CCEAC7850}.Ad-Hoc|iPhone.ActiveCfg = Ad-Hoc|iPhone
		{4C658988-5ECE-4C79-972E-118CCEAC7850}.Ad-Hoc|iPhone.Build.0 = Ad-Hoc|iPhone
		{4C658988-5ECE-4C79-972E-118CCEAC7850}.Ad-Hoc|iPhone.Deploy.0 = Ad-Hoc|iPhone
		{4C658988-5ECE-4C79-972E-118CCEAC7850}.Ad-Hoc|iPhoneSimulator.ActiveCfg = Ad-Hoc|iPhoneSimulator
		{4C658988-5ECE-4C79-972E-118CCEAC7850}.Ad-Hoc|iPhoneSimulator.Build.0 = Ad-Hoc|iPhoneSimulator
		{4C658988-5ECE-4C79-972E-118CCEAC7850}.Ad-Hoc|iPhoneSimulator.Deploy.0 = Ad-Hoc|iPhoneSimulator
		{4C658988-5ECE-4C79-972E-118CCEAC7850}.AppStore|Any CPU.ActiveCfg = AppStore|iPhone
		{4C658988-5ECE-4C79-972E-118CCEAC7850}.AppStore|Any CPU.Build.0 = AppStore|iPhone
		{4C658988-5ECE-4C79-972E-118CCEAC7850}.AppStore|Any CPU.Deploy.0 = AppStore|iPhone
		{4C658988-5ECE-4C79-972E-118CCEAC7850}.AppStore|iPhone.ActiveCfg = AppStore|iPhone
		{4C658988-5ECE-4C79-972E-118CCEAC7850}.AppStore|iPhone.Build.0 = AppStore|iPhone
		{4C658988-5ECE-4C79-972E-118CCEAC7850}.AppStore|iPhone.Deploy.0 = AppStore|iPhone
		{4C658988-5ECE-4C79-972E-118CCEAC7850}.AppStore|iPhoneSimulator.ActiveCfg = AppStore|iPhoneSimulator
		{4C658988-5ECE-4C79-972E-118CCEAC7850}.AppStore|iPhoneSimulator.Build.0 = AppStore|iPhoneSimulator
		{4C658988-5ECE-4C79-972E-118CCEAC7850}.AppStore|iPhoneSimulator.Deploy.0 = AppStore|iPhoneSimulator
		{4C658988-5ECE-4C79-972E-118CCEAC7850}.Debug|Any CPU.ActiveCfg = Debug|iPhoneSimulator
		{4C658988-5ECE-4C79-972E-118CCEAC7850}.Debug|Any CPU.Build.0 = Debug|iPhoneSimulator
		{4C658988-5ECE-4C79-972E-118CCEAC7850}.Debug|Any CPU.Deploy.0 = Debug|iPhoneSimulator
		{4C658988-5ECE-4C79-972E-118CCEAC7850}.Debug|iPhone.ActiveCfg = Debug|iPhone
		{4C658988-5ECE-4C79-972E-118CCEAC7850}.Debug|iPhone.Build.0 = Debug|iPhone
		{4C658988-5ECE-4C79-972E-118CCEAC7850}.Debug|iPhone.Deploy.0 = Debug|iPhone
		{4C658988-5ECE-4C79-972E-118CCEAC7850}.Debug|iPhoneSimulator.ActiveCfg = Debug|iPhoneSimulator
		{4C658988-5ECE-4C79-972E-118CCEAC7850}.Debug|iPhoneSimulator.Build.0 = Debug|iPhoneSimulator
		{4C658988-5ECE-4C79-972E-118CCEAC7850}.Debug|iPhoneSimulator.Deploy.0 = Debug|iPhoneSimulator
		{4C658988-5ECE-4C79-972E-118CCEAC7850}.Release|Any CPU.ActiveCfg = Release|iPhone
		{4C658988-5ECE-4C79-972E-118CCEAC7850}.Release|Any CPU.Build.0 = Release|iPhone
		{4C658988-5ECE-4C79-972E-118CCEAC7850}.Release|Any CPU.Deploy.0 = Release|iPhone
		{4C658988-5ECE-4C79-972E-118CCEAC7850}.Release|iPhone.ActiveCfg = Release|iPhone
		{4C658988-5ECE-4C79-972E-118CCEAC7850}.Release|iPhone.Build.0 = Release|iPhone
		{4C658988-5ECE-4C79-972E-118CCEAC7850}.Release|iPhone.Deploy.0 = Release|iPhone
		{4C658988-5ECE-4C79-972E-118CCEAC7850}.Release|iPhoneSimulator.ActiveCfg = Release|iPhoneSimulator
		{4C658988-5ECE-4C79-972E-118CCEAC7850}.Release|iPhoneSimulator.Build.0 = Release|iPhoneSimulator
		{4C658988-5ECE-4C79-972E-118CCEAC7850}.Release|iPhoneSimulator.Deploy.0 = Release|iPhoneSimulator
		{6F98F48B-64BA-43C7-9CA5-E219346578B6}.Ad-Hoc|Any CPU.ActiveCfg = Debug|Any CPU
		{6F98F48B-64BA-43C7-9CA5-E219346578B6}.Ad-Hoc|Any CPU.Build.0 = Debug|Any CPU
		{6F98F48B-64BA-43C7-9CA5-E219346578B6}.Ad-Hoc|Any CPU.Deploy.0 = Debug|Any CPU
		{6F98F48B-64BA-43C7-9CA5-E219346578B6}.Ad-Hoc|iPhone.ActiveCfg = Debug|Any CPU
		{6F98F48B-64BA-43C7-9CA5-E219346578B6}.Ad-Hoc|iPhone.Build.0 = Debug|Any CPU
		{6F98F48B-64BA-43C7-9CA5-E219346578B6}.Ad-Hoc|iPhone.Deploy.0 = Debug|Any CPU
		{6F98F48B-64BA-43C7-9CA5-E219346578B6}.Ad-Hoc|iPhoneSimulator.ActiveCfg = Debug|Any CPU
		{6F98F48B-64BA-43C7-9CA5-E219346578B6}.Ad-Hoc|iPhoneSimulator.Build.0 = Debug|Any CPU
		{6F98F48B-64BA-43C7-9CA5-E219346578B6}.Ad-Hoc|iPhoneSimulator.Deploy.0 = Debug|Any CPU
		{6F98F48B-64BA-43C7-9CA5-E219346578B6}.AppStore|Any CPU.ActiveCfg = Debug|Any CPU
		{6F98F48B-64BA-43C7-9CA5-E219346578B6}.AppStore|Any CPU.Build.0 = Debug|Any CPU
		{6F98F48B-64BA-43C7-9CA5-E219346578B6}.AppStore|Any CPU.Deploy.0 = Debug|Any CPU
		{6F98F48B-64BA-43C7-9CA5-E219346578B6}.AppStore|iPhone.ActiveCfg = Debug|Any CPU
		{6F98F48B-64BA-43C7-9CA5-E219346578B6}.AppStore|iPhone.Build.0 = Debug|Any CPU
		{6F98F48B-64BA-43C7-9CA5-E219346578B6}.AppStore|iPhone.Deploy.0 = Debug|Any CPU
		{6F98F48B-64BA-43C7-9CA5-E219346578B6}.AppStore|iPhoneSimulator.ActiveCfg = Debug|Any CPU
		{6F98F48B-64BA-43C7-9CA5-E219346578B6}.AppStore|iPhoneSimulator.Build.0 = Debug|Any CPU
		{6F98F48B-64BA-43C7-9CA5-E219346578B6}.AppStore|iPhoneSimulator.Deploy.0 = Debug|Any CPU
		{6F98F48B-64BA-43C7-9CA5-E219346578B6}.Debug|Any CPU.ActiveCfg = Debug|Any CPU
		{6F98F48B-64BA-43C7-9CA5-E219346578B6}.Debug|Any CPU.Build.0 = Debug|Any CPU
		{6F98F48B-64BA-43C7-9CA5-E219346578B6}.Debug|Any CPU.Deploy.0 = Debug|Any CPU
		{6F98F48B-64BA-43C7-9CA5-E219346578B6}.Debug|iPhone.ActiveCfg = Debug|Any CPU
		{6F98F48B-64BA-43C7-9CA5-E219346578B6}.Debug|iPhone.Build.0 = Debug|Any CPU
		{6F98F48B-64BA-43C7-9CA5-E219346578B6}.Debug|iPhone.Deploy.0 = Debug|Any CPU
		{6F98F48B-64BA-43C7-9CA5-E219346578B6}.Debug|iPhoneSimulator.ActiveCfg = Debug|Any CPU
		{6F98F48B-64BA-43C7-9CA5-E219346578B6}.Debug|iPhoneSimulator.Build.0 = Debug|Any CPU
		{6F98F48B-64BA-43C7-9CA5-E219346578B6}.Debug|iPhoneSimulator.Deploy.0 = Debug|Any CPU
		{6F98F48B-64BA-43C7-9CA5-E219346578B6}.Release|Any CPU.ActiveCfg = Release|Any CPU
		{6F98F48B-64BA-43C7-9CA5-E219346578B6}.Release|Any CPU.Build.0 = Release|Any CPU
		{6F98F48B-64BA-43C7-9CA5-E219346578B6}.Release|Any CPU.Deploy.0 = Release|Any CPU
		{6F98F48B-64BA-43C7-9CA5-E219346578B6}.Release|iPhone.ActiveCfg = Release|Any CPU
		{6F98F48B-64BA-43C7-9CA5-E219346578B6}.Release|iPhone.Build.0 = Release|Any CPU
		{6F98F48B-64BA-43C7-9CA5-E219346578B6}.Release|iPhone.Deploy.0 = Release|Any CPU
		{6F98F48B-64BA-43C7-9CA5-E219346578B6}.Release|iPhoneSimulator.ActiveCfg = Release|Any CPU
		{6F98F48B-64BA-43C7-9CA5-E219346578B6}.Release|iPhoneSimulator.Build.0 = Release|Any CPU
		{6F98F48B-64BA-43C7-9CA5-E219346578B6}.Release|iPhoneSimulator.Deploy.0 = Release|Any CPU
	EndGlobalSection
	GlobalSection(SolutionProperties) = preSolution
		HideSolutionNode = FALSE
	EndGlobalSection
	GlobalSection(ExtensibilityGlobals) = postSolution
		SolutionGuid = {88093560-906F-41A0-916E-814013BDCEB8}
	EndGlobalSection
EndGlobal
